
Microsoft Visual Studio Solution File, Format Version 12.00
# Visual Studio Version 17
VisualStudioVersion = 17.10.34916.146
MinimumVisualStudioVersion = 10.0.40219.1
Project("{9A19103F-16F7-4668-BE54-9A1E7A4F7556}") = "YuanQi.YT.InventoryAPI", "InventoryAPI\YuanQi.YT.InventoryAPI.csproj", "{01D46306-8BEB-4B21-A5EC-10AB43F71C89}"
EndProject
Project("{9A19103F-16F7-4668-BE54-9A1E7A4F7556}") = "YuanQi.YT.Inventory", "YuanQi.YT.Inventory\YuanQi.YT.Inventory.csproj", "{18AAA900-D540-4610-AB6B-2DC6339A5D78}"
EndProject
Project("{9A19103F-16F7-4668-BE54-9A1E7A4F7556}") = "Test", "Test\Test.csproj", "{F86A6317-9D9B-4DF0-A261-B1CB611B3755}"
EndProject
Project("{9A19103F-16F7-4668-BE54-9A1E7A4F7556}") = "YuanQi.YT.InventoryWorker", "YuanQi.YT.InventoryWorker\YuanQi.YT.InventoryWorker.csproj", "{C511574C-7166-4417-80C6-D67877CD4F17}"
EndProject
Project("{2150E333-8FDC-42A3-9474-1A3956D46DE8}") = "现场版", "现场版", "{83F693A0-B72F-4D33-AC4B-128AD830D5CC}"
EndProject
Project("{2150E333-8FDC-42A3-9474-1A3956D46DE8}") = "wcs接口分发", "wcs接口分发", "{403DAA35-9A43-4983-999B-61875BEB049A}"
EndProject
Project("{9A19103F-16F7-4668-BE54-9A1E7A4F7556}") = "YT.InventoryAPI", "YT.InventoryAPI\YT.InventoryAPI.csproj", "{5303A296-041C-45E1-BD6D-02F6CD9CCF6D}"
EndProject
Project("{2150E333-8FDC-42A3-9474-1A3956D46DE8}") = "堆垛机盘点服务端", "堆垛机盘点服务端", "{7A19CE3E-3401-4CF6-9E01-51D48CE1DC38}"
EndProject
Project("{9A19103F-16F7-4668-BE54-9A1E7A4F7556}") = "RobotInventoryAPI", "RobotInventoryAPI\RobotInventoryAPI.csproj", "{649ED31D-225F-4D63-ADC8-5460C7184FBE}"
EndProject
Project("{2150E333-8FDC-42A3-9474-1A3956D46DE8}") = "堆垛机盘点客户端", "堆垛机盘点客户端", "{344B608D-B21E-47F3-92A5-685249AB70DE}"
EndProject
Project("{9A19103F-16F7-4668-BE54-9A1E7A4F7556}") = "RobotClientAPI", "RobotClientAPI\RobotClientAPI.csproj", "{DF966929-83BF-4EA8-8B2F-E57EA7DC8B47}"
EndProject
Project("{2150E333-8FDC-42A3-9474-1A3956D46DE8}") = "接口测试", "接口测试", "{203482AF-E73F-43F1-8106-3C9C0BC67E04}"
EndProject
Global
	GlobalSection(SolutionConfigurationPlatforms) = preSolution
		Debug|Any CPU = Debug|Any CPU
		Release|Any CPU = Release|Any CPU
	EndGlobalSection
	GlobalSection(ProjectConfigurationPlatforms) = postSolution
		{01D46306-8BEB-4B21-A5EC-10AB43F71C89}.Debug|Any CPU.ActiveCfg = Debug|Any CPU
		{01D46306-8BEB-4B21-A5EC-10AB43F71C89}.Debug|Any CPU.Build.0 = Debug|Any CPU
		{01D46306-8BEB-4B21-A5EC-10AB43F71C89}.Release|Any CPU.ActiveCfg = Release|Any CPU
		{01D46306-8BEB-4B21-A5EC-10AB43F71C89}.Release|Any CPU.Build.0 = Release|Any CPU
		{18AAA900-D540-4610-AB6B-2DC6339A5D78}.Debug|Any CPU.ActiveCfg = Debug|Any CPU
		{18AAA900-D540-4610-AB6B-2DC6339A5D78}.Debug|Any CPU.Build.0 = Debug|Any CPU
		{18AAA900-D540-4610-AB6B-2DC6339A5D78}.Release|Any CPU.ActiveCfg = Release|Any CPU
		{18AAA900-D540-4610-AB6B-2DC6339A5D78}.Release|Any CPU.Build.0 = Release|Any CPU
		{F86A6317-9D9B-4DF0-A261-B1CB611B3755}.Debug|Any CPU.ActiveCfg = Debug|Any CPU
		{F86A6317-9D9B-4DF0-A261-B1CB611B3755}.Debug|Any CPU.Build.0 = Debug|Any CPU
		{F86A6317-9D9B-4DF0-A261-B1CB611B3755}.Release|Any CPU.ActiveCfg = Release|Any CPU
		{F86A6317-9D9B-4DF0-A261-B1CB611B3755}.Release|Any CPU.Build.0 = Release|Any CPU
		{C511574C-7166-4417-80C6-D67877CD4F17}.Debug|Any CPU.ActiveCfg = Debug|Any CPU
		{C511574C-7166-4417-80C6-D67877CD4F17}.Debug|Any CPU.Build.0 = Debug|Any CPU
		{C511574C-7166-4417-80C6-D67877CD4F17}.Release|Any CPU.ActiveCfg = Release|Any CPU
		{C511574C-7166-4417-80C6-D67877CD4F17}.Release|Any CPU.Build.0 = Release|Any CPU
		{5303A296-041C-45E1-BD6D-02F6CD9CCF6D}.Debug|Any CPU.ActiveCfg = Debug|Any CPU
		{5303A296-041C-45E1-BD6D-02F6CD9CCF6D}.Debug|Any CPU.Build.0 = Debug|Any CPU
		{5303A296-041C-45E1-BD6D-02F6CD9CCF6D}.Release|Any CPU.ActiveCfg = Release|Any CPU
		{5303A296-041C-45E1-BD6D-02F6CD9CCF6D}.Release|Any CPU.Build.0 = Release|Any CPU
		{649ED31D-225F-4D63-ADC8-5460C7184FBE}.Debug|Any CPU.ActiveCfg = Debug|Any CPU
		{649ED31D-225F-4D63-ADC8-5460C7184FBE}.Debug|Any CPU.Build.0 = Debug|Any CPU
		{649ED31D-225F-4D63-ADC8-5460C7184FBE}.Release|Any CPU.ActiveCfg = Release|Any CPU
		{649ED31D-225F-4D63-ADC8-5460C7184FBE}.Release|Any CPU.Build.0 = Release|Any CPU
		{DF966929-83BF-4EA8-8B2F-E57EA7DC8B47}.Debug|Any CPU.ActiveCfg = Debug|Any CPU
		{DF966929-83BF-4EA8-8B2F-E57EA7DC8B47}.Debug|Any CPU.Build.0 = Debug|Any CPU
		{DF966929-83BF-4EA8-8B2F-E57EA7DC8B47}.Release|Any CPU.ActiveCfg = Release|Any CPU
		{DF966929-83BF-4EA8-8B2F-E57EA7DC8B47}.Release|Any CPU.Build.0 = Release|Any CPU
	EndGlobalSection
	GlobalSection(SolutionProperties) = preSolution
		HideSolutionNode = FALSE
	EndGlobalSection
	GlobalSection(NestedProjects) = preSolution
		{F86A6317-9D9B-4DF0-A261-B1CB611B3755} = {203482AF-E73F-43F1-8106-3C9C0BC67E04}
		{403DAA35-9A43-4983-999B-61875BEB049A} = {83F693A0-B72F-4D33-AC4B-128AD830D5CC}
		{5303A296-041C-45E1-BD6D-02F6CD9CCF6D} = {403DAA35-9A43-4983-999B-61875BEB049A}
		{7A19CE3E-3401-4CF6-9E01-51D48CE1DC38} = {83F693A0-B72F-4D33-AC4B-128AD830D5CC}
		{649ED31D-225F-4D63-ADC8-5460C7184FBE} = {7A19CE3E-3401-4CF6-9E01-51D48CE1DC38}
		{344B608D-B21E-47F3-92A5-685249AB70DE} = {83F693A0-B72F-4D33-AC4B-128AD830D5CC}
		{DF966929-83BF-4EA8-8B2F-E57EA7DC8B47} = {344B608D-B21E-47F3-92A5-685249AB70DE}
		{203482AF-E73F-43F1-8106-3C9C0BC67E04} = {83F693A0-B72F-4D33-AC4B-128AD830D5CC}
	EndGlobalSection
	GlobalSection(ExtensibilityGlobals) = postSolution
		SolutionGuid = {925340FE-943B-4FC6-8E5A-FE1FB11E2A3D}
	EndGlobalSection
EndGlobal
