
Microsoft Visual Studio Solution File, Format Version 12.00
# Visual Studio Version 17
VisualStudioVersion = 17.10.34916.146
MinimumVisualStudioVersion = 10.0.40219.1
Project("{9A19103F-16F7-4668-BE54-9A1E7A4F7556}") = "YuanQi.YT.InventoryAPI", "InventoryAPI\YuanQi.YT.InventoryAPI.csproj", "{01D46306-8BEB-4B21-A5EC-10AB43F71C89}"
EndProject
Project("{9A19103F-16F7-4668-BE54-9A1E7A4F7556}") = "YuanQi.YT.Inventory", "YuanQi.YT.Inventory\YuanQi.YT.Inventory.csproj", "{18AAA900-D540-4610-AB6B-2DC6339A5D78}"
EndProject
Project("{FAE04EC0-301F-11D3-BF4B-00C04F79EFBC}") = "Test", "Test\Test.csproj", "{F86A6317-9D9B-4DF0-A261-B1CB611B3755}"
EndProject
Global
	GlobalSection(SolutionConfigurationPlatforms) = preSolution
		Debug|Any CPU = Debug|Any CPU
		Release|Any CPU = Release|Any CPU
	EndGlobalSection
	GlobalSection(ProjectConfigurationPlatforms) = postSolution
		{01D46306-8BEB-4B21-A5EC-10AB43F71C89}.Debug|Any CPU.ActiveCfg = Debug|Any CPU
		{01D46306-8BEB-4B21-A5EC-10AB43F71C89}.Debug|Any CPU.Build.0 = Debug|Any CPU
		{01D46306-8BEB-4B21-A5EC-10AB43F71C89}.Release|Any CPU.ActiveCfg = Release|Any CPU
		{01D46306-8BEB-4B21-A5EC-10AB43F71C89}.Release|Any CPU.Build.0 = Release|Any CPU
		{18AAA900-D540-4610-AB6B-2DC6339A5D78}.Debug|Any CPU.ActiveCfg = Debug|Any CPU
		{18AAA900-D540-4610-AB6B-2DC6339A5D78}.Debug|Any CPU.Build.0 = Debug|Any CPU
		{18AAA900-D540-4610-AB6B-2DC6339A5D78}.Release|Any CPU.ActiveCfg = Release|Any CPU
		{18AAA900-D540-4610-AB6B-2DC6339A5D78}.Release|Any CPU.Build.0 = Release|Any CPU
		{F86A6317-9D9B-4DF0-A261-B1CB611B3755}.Debug|Any CPU.ActiveCfg = Debug|Any CPU
		{F86A6317-9D9B-4DF0-A261-B1CB611B3755}.Debug|Any CPU.Build.0 = Debug|Any CPU
		{F86A6317-9D9B-4DF0-A261-B1CB611B3755}.Release|Any CPU.ActiveCfg = Release|Any CPU
		{F86A6317-9D9B-4DF0-A261-B1CB611B3755}.Release|Any CPU.Build.0 = Release|Any CPU
	EndGlobalSection
	GlobalSection(SolutionProperties) = preSolution
		HideSolutionNode = FALSE
	EndGlobalSection
	GlobalSection(ExtensibilityGlobals) = postSolution
		SolutionGuid = {925340FE-943B-4FC6-8E5A-FE1FB11E2A3D}
	EndGlobalSection
EndGlobal
